
Microsoft Visual Studio Solution File, Format Version 12.00
# Visual Studio Version 17
VisualStudioVersion = 17.3.32819.101
MinimumVisualStudioVersion = 10.0.40219.1
Project("{FAE04EC0-301F-11D3-BF4B-00C04F79EFBC}") = "WpfApp20", "WpfApp20\WpfApp20.csproj", "{A975BBD7-F89B-4B1B-94EF-D41ED6449E3F}"
EndProject
Global
	GlobalSection(SolutionConfigurationPlatforms) = preSolution
		Debug|Any CPU = Debug|Any CPU
		Release|Any CPU = Release|Any CPU
	EndGlobalSection
	GlobalSection(ProjectConfigurationPlatforms) = postSolution
		{A975BBD7-F89B-4B1B-94EF-D41ED6449E3F}.Debug|Any CPU.ActiveCfg = Debug|Any CPU
		{A975BBD7-F89B-4B1B-94EF-D41ED6449E3F}.Debug|Any CPU.Build.0 = Debug|Any CPU
		{A975BBD7-F89B-4B1B-94EF-D41ED6449E3F}.Release|Any CPU.ActiveCfg = Release|Any CPU
		{A975BBD7-F89B-4B1B-94EF-D41ED6449E3F}.Release|Any CPU.Build.0 = Release|Any CPU
	EndGlobalSection
	GlobalSection(SolutionProperties) = preSolution
		HideSolutionNode = FALSE
	EndGlobalSection
	GlobalSection(ExtensibilityGlobals) = postSolution
		SolutionGuid = {C57A3530-2498-4514-89F2-BB355ABD5833}
	EndGlobalSection
EndGlobal
